
Microsoft Visual Studio Solution File, Format Version 12.00
# Visual Studio Version 16
VisualStudioVersion = 16.0.31729.503
MinimumVisualStudioVersion = 10.0.40219.1
Project("{FAE04EC0-301F-11D3-BF4B-00C04F79EFBC}") = "baithiASP_NET_MVC", "baithiASP_NET_MVC\baithiASP_NET_MVC.csproj", "{4445FF8B-DBC2-477B-AFEB-73FE7290E438}"
EndProject
Global
	GlobalSection(SolutionConfigurationPlatforms) = preSolution
		Debug|Any CPU = Debug|Any CPU
		Release|Any CPU = Release|Any CPU
	EndGlobalSection
	GlobalSection(ProjectConfigurationPlatforms) = postSolution
		{4445FF8B-DBC2-477B-AFEB-73FE7290E438}.Debug|Any CPU.ActiveCfg = Debug|Any CPU
		{4445FF8B-DBC2-477B-AFEB-73FE7290E438}.Debug|Any CPU.Build.0 = Debug|Any CPU
		{4445FF8B-DBC2-477B-AFEB-73FE7290E438}.Release|Any CPU.ActiveCfg = Release|Any CPU
		{4445FF8B-DBC2-477B-AFEB-73FE7290E438}.Release|Any CPU.Build.0 = Release|Any CPU
	EndGlobalSection
	GlobalSection(SolutionProperties) = preSolution
		HideSolutionNode = FALSE
	EndGlobalSection
	GlobalSection(ExtensibilityGlobals) = postSolution
		SolutionGuid = {534F33F8-8039-4B37-B4B9-BEA1D8991FD0}
	EndGlobalSection
EndGlobal
